
Microsoft Visual Studio Solution File, Format Version 12.00
# Visual Studio 15
VisualStudioVersion = 15.0.27004.2006
MinimumVisualStudioVersion = 10.0.40219.1
Project("{FAE04EC0-301F-11D3-BF4B-00C04F79EFBC}") = "uygulamakutuphane", "uygulamakutuphane\uygulamakutuphane.csproj", "{EA0A35E4-2908-4D9C-ABD7-0E1168374A51}"
EndProject
Global
	GlobalSection(SolutionConfigurationPlatforms) = preSolution
		Debug|Any CPU = Debug|Any CPU
		Release|Any CPU = Release|Any CPU
	EndGlobalSection
	GlobalSection(ProjectConfigurationPlatforms) = postSolution
		{EA0A35E4-2908-4D9C-ABD7-0E1168374A51}.Debug|Any CPU.ActiveCfg = Debug|Any CPU
		{EA0A35E4-2908-4D9C-ABD7-0E1168374A51}.Debug|Any CPU.Build.0 = Debug|Any CPU
		{EA0A35E4-2908-4D9C-ABD7-0E1168374A51}.Release|Any CPU.ActiveCfg = Release|Any CPU
		{EA0A35E4-2908-4D9C-ABD7-0E1168374A51}.Release|Any CPU.Build.0 = Release|Any CPU
	EndGlobalSection
	GlobalSection(SolutionProperties) = preSolution
		HideSolutionNode = FALSE
	EndGlobalSection
	GlobalSection(ExtensibilityGlobals) = postSolution
		SolutionGuid = {5BC92C10-5961-4559-91F6-43EC05B4BBE2}
	EndGlobalSection
EndGlobal
